
Microsoft Visual Studio Solution File, Format Version 12.00
# Visual Studio 15
VisualStudioVersion = 15.0.28307.489
MinimumVisualStudioVersion = 10.0.40219.1
Project("{FAE04EC0-301F-11D3-BF4B-00C04F79EFBC}") = "Cinepipoca", "Cinepipoca\Cinepipoca\Cinepipoca.csproj", "{F58D1945-9963-4225-98FD-B3CA97F71DC2}"
EndProject
Project("{FAE04EC0-301F-11D3-BF4B-00C04F79EFBC}") = "Cinepipoca.Android", "Cinepipoca\Cinepipoca.Android\Cinepipoca.Android.csproj", "{9E01D15F-0D67-40DA-9096-5F1692FEA123}"
EndProject
Global
	GlobalSection(SolutionConfigurationPlatforms) = preSolution
		Debug|Any CPU = Debug|Any CPU
		Release|Any CPU = Release|Any CPU
	EndGlobalSection
	GlobalSection(ProjectConfigurationPlatforms) = postSolution
		{F58D1945-9963-4225-98FD-B3CA97F71DC2}.Debug|Any CPU.ActiveCfg = Debug|Any CPU
		{F58D1945-9963-4225-98FD-B3CA97F71DC2}.Debug|Any CPU.Build.0 = Debug|Any CPU
		{F58D1945-9963-4225-98FD-B3CA97F71DC2}.Release|Any CPU.ActiveCfg = Release|Any CPU
		{F58D1945-9963-4225-98FD-B3CA97F71DC2}.Release|Any CPU.Build.0 = Release|Any CPU
		{9E01D15F-0D67-40DA-9096-5F1692FEA123}.Debug|Any CPU.ActiveCfg = Debug|Any CPU
		{9E01D15F-0D67-40DA-9096-5F1692FEA123}.Debug|Any CPU.Build.0 = Debug|Any CPU
		{9E01D15F-0D67-40DA-9096-5F1692FEA123}.Debug|Any CPU.Deploy.0 = Debug|Any CPU
		{9E01D15F-0D67-40DA-9096-5F1692FEA123}.Release|Any CPU.ActiveCfg = Release|Any CPU
		{9E01D15F-0D67-40DA-9096-5F1692FEA123}.Release|Any CPU.Build.0 = Release|Any CPU
		{9E01D15F-0D67-40DA-9096-5F1692FEA123}.Release|Any CPU.Deploy.0 = Release|Any CPU
	EndGlobalSection
	GlobalSection(SolutionProperties) = preSolution
		HideSolutionNode = FALSE
	EndGlobalSection
	GlobalSection(ExtensibilityGlobals) = postSolution
		SolutionGuid = {DB774C99-D007-4355-B6A6-C8B08064CFE4}
	EndGlobalSection
EndGlobal
